
Microsoft Visual Studio Solution File, Format Version 12.00
# Visual Studio Version 17
VisualStudioVersion = 17.14.37012.4 d17.14
MinimumVisualStudioVersion = 10.0.40219.1
Project("{FAE04EC0-301F-11D3-BF4B-00C04F79EFBC}") = "Projet2_M", "..\Projet2\Projet2_M.csproj", "{987CB35E-1C76-4B8D-BA07-0E972427CA64}"
EndProject
Global
	GlobalSection(SolutionConfigurationPlatforms) = preSolution
		Debug|Any CPU = Debug|Any CPU
		Release|Any CPU = Release|Any CPU
	EndGlobalSection
	GlobalSection(ProjectConfigurationPlatforms) = postSolution
		{987CB35E-1C76-4B8D-BA07-0E972427CA64}.Debug|Any CPU.ActiveCfg = Debug|Any CPU
		{987CB35E-1C76-4B8D-BA07-0E972427CA64}.Debug|Any CPU.Build.0 = Debug|Any CPU
		{987CB35E-1C76-4B8D-BA07-0E972427CA64}.Release|Any CPU.ActiveCfg = Release|Any CPU
		{987CB35E-1C76-4B8D-BA07-0E972427CA64}.Release|Any CPU.Build.0 = Release|Any CPU
	EndGlobalSection
	GlobalSection(SolutionProperties) = preSolution
		HideSolutionNode = FALSE
	EndGlobalSection
	GlobalSection(ExtensibilityGlobals) = postSolution
		SolutionGuid = {5464918C-8A6B-4459-9668-214AAF9D5437}
	EndGlobalSection
EndGlobal
