
Microsoft Visual Studio Solution File, Format Version 12.00
# Visual Studio Version 17
VisualStudioVersion = 17.12.35527.113 d17.12
MinimumVisualStudioVersion = 10.0.40219.1
Project("{FAE04EC0-301F-11D3-BF4B-00C04F79EFBC}") = "Projet2_M", "Projet2_M.csproj", "{A9E3E901-BAD8-4413-8B37-A041417691BC}"
EndProject
Global
	GlobalSection(SolutionConfigurationPlatforms) = preSolution
		Debug|Any CPU = Debug|Any CPU
		Release|Any CPU = Release|Any CPU
	EndGlobalSection
	GlobalSection(ProjectConfigurationPlatforms) = postSolution
		{A9E3E901-BAD8-4413-8B37-A041417691BC}.Debug|Any CPU.ActiveCfg = Debug|Any CPU
		{A9E3E901-BAD8-4413-8B37-A041417691BC}.Debug|Any CPU.Build.0 = Debug|Any CPU
		{A9E3E901-BAD8-4413-8B37-A041417691BC}.Release|Any CPU.ActiveCfg = Release|Any CPU
		{A9E3E901-BAD8-4413-8B37-A041417691BC}.Release|Any CPU.Build.0 = Release|Any CPU
	EndGlobalSection
	GlobalSection(SolutionProperties) = preSolution
		HideSolutionNode = FALSE
	EndGlobalSection
EndGlobal
